{"filter":false,"title":"package-lock.json","tooltip":"/package-lock.json","undoManager":{"mark":-1,"position":-1,"stack":[]},"ace":{"folds":[],"scrolltop":95861.00000000001,"scrollleft":0,"selection":{"start":{"row":0,"column":0},"end":{"row":0,"column":0},"isBackwards":false},"options":{"guessTabSize":true,"useWrapMode":false,"wrapToView":true},"firstLineState":{"row":4792,"state":"start","mode":"ace/mode/json"}},"timestamp":1575231006608,"hash":"81495ec5e1c705a200fc7e9735403f14622f32b4"}